{
  "name": "lore-web",
  "version": "0.1.0",
  "lockfileVersion": 3,
  "requires": true,
  "packages": {
    "": {
      "name": "lore-web",
      "version": "0.1.0",
      "dependencies": {
        "@lore-vcs/sdk": "0.8.4"
      },
      "engines": {
        "node": ">=18 <25"
      }
    },
    "node_modules/@lore-vcs/sdk": {
      "version": "0.8.4",
      "resolved": "https://registry.npmjs.org/@lore-vcs/sdk/-/sdk-0.8.4.tgz",
      "integrity": "sha512-exxAjXsDYlO68nb9i8vHx31V9KXEgGQtiQghVQgHnj5koPTpQ3Iu2VJpHHu5BQ06KSlbBUK0DfHKSFEJK96T7g==",
      "license": "MIT",
      "dependencies": {
        "koffi": "2.16.2"
      },
      "optionalDependencies": {
        "@lore-vcs/sdk-amd64-unknown-linux": "v0.8.4",
        "@lore-vcs/sdk-amd64-unknown-windows": "v0.8.4",
        "@lore-vcs/sdk-arm64-apple-darwin": "v0.8.4",
        "@lore-vcs/sdk-arm64-graviton-linux": "v0.8.4"
      }
    },
    "node_modules/@lore-vcs/sdk-amd64-unknown-linux": {
      "version": "0.8.4",
      "resolved": "https://registry.npmjs.org/@lore-vcs/sdk-amd64-unknown-linux/-/sdk-amd64-unknown-linux-0.8.4.tgz",
      "integrity": "sha512-L7D8MVWhHCAjj56ePcKQZEaQMsxDlJSPIwC42IZAPlBgq/H0WJKBcrqi9DeIiw5u2n/s8NotNP0ATlM2YVAKXw==",
      "cpu": [
        "x64"
      ],
      "license": "MIT",
      "optional": true,
      "os": [
        "linux"
      ]
    },
    "node_modules/@lore-vcs/sdk-amd64-unknown-windows": {
      "version": "0.8.4",
      "resolved": "https://registry.npmjs.org/@lore-vcs/sdk-amd64-unknown-windows/-/sdk-amd64-unknown-windows-0.8.4.tgz",
      "integrity": "sha512-fSui3sWXt8UyEZ/xsww4MPq2WAPofJ80PH713Lg42pFAQIJ0WVKfmusmlS8a+ADAr/oKhsLkZbGodQ3VOH+eEQ==",
      "cpu": [
        "x64"
      ],
      "license": "MIT",
      "optional": true,
      "os": [
        "win32"
      ]
    },
    "node_modules/@lore-vcs/sdk-arm64-apple-darwin": {
      "version": "0.8.4",
      "resolved": "https://registry.npmjs.org/@lore-vcs/sdk-arm64-apple-darwin/-/sdk-arm64-apple-darwin-0.8.4.tgz",
      "integrity": "sha512-z5Ra+U+IVHqhmCldMuuu/9Q4gUWln4yh9yd0YI70kt6M0LlhuaWfIXtroyfty3H1IYjd1RDTQNKMZ3dYSnwKjw==",
      "cpu": [
        "arm64"
      ],
      "license": "MIT",
      "optional": true,
      "os": [
        "darwin"
      ]
    },
    "node_modules/@lore-vcs/sdk-arm64-graviton-linux": {
      "version": "0.8.4",
      "resolved": "https://registry.npmjs.org/@lore-vcs/sdk-arm64-graviton-linux/-/sdk-arm64-graviton-linux-0.8.4.tgz",
      "integrity": "sha512-+d3rZ71FCLpkqr0NKw6m+ty6B2vMeTBBEXBbu73n0nc/FbY0ZLQTnT6eeDF/vUUrLbgkwLkNKni0ffyiUQb4cQ==",
      "cpu": [
        "arm64"
      ],
      "license": "MIT",
      "optional": true,
      "os": [
        "linux"
      ]
    },
    "node_modules/koffi": {
      "version": "2.16.2",
      "resolved": "https://registry.npmjs.org/koffi/-/koffi-2.16.2.tgz",
      "integrity": "sha512-owU0MRwv6xkrVqCd+33uw6BaYppkTRXbO/rVdJNI2dvZG0gzyRhYwW25eWtc5pauwK8TGh3AbkFONSezdykfSA==",
      "hasInstallScript": true,
      "license": "MIT",
      "funding": {
        "url": "https://liberapay.com/Koromix"
      }
    }
  }
}
